
Microsoft Visual Studio Solution File, Format Version 12.00
# Visual Studio Version 16
VisualStudioVersion = 16.0.30011.22
MinimumVisualStudioVersion = 10.0.40219.1
Project("{2150E333-8FDC-42A3-9474-1A3956D46DE8}") = "Exericice3", "Exericice3", "{1F8CF270-A991-4DB3-850E-1B4CE32DB832}"
EndProject
Project("{FAE04EC0-301F-11D3-BF4B-00C04F79EFBC}") = "FilesLibrary", "FilesLibrary\FilesLibrary.csproj", "{8BE93415-D353-45DA-9C3C-FE50A2BBAC00}"
EndProject
Project("{FAE04EC0-301F-11D3-BF4B-00C04F79EFBC}") = "InterparkingClientApplication", "InterparkingClientApplication\InterparkingClientApplication.csproj", "{065CEE7C-6129-4404-919E-2146C1482C0F}"
EndProject
Project("{2150E333-8FDC-42A3-9474-1A3956D46DE8}") = "Exercice2", "Exercice2", "{BC6C47BB-7EED-4D9D-AB8B-6A31692759F4}"
EndProject
Project("{FAE04EC0-301F-11D3-BF4B-00C04F79EFBC}") = "Exercice2Refactoring", "Exercice2Refactoring\Exercice2Refactoring.csproj", "{A33DF7CC-1F2E-428F-BA23-056F5EC044A6}"
EndProject
Project("{2150E333-8FDC-42A3-9474-1A3956D46DE8}") = "Exercice1", "Exercice1", "{2E586591-9B35-4F67-AAC1-6AB1E271428B}"
EndProject
Project("{2150E333-8FDC-42A3-9474-1A3956D46DE8}") = "WebSite", "WebSite", "{04B5EDEF-5B13-422C-A05A-919E0163E5B1}"
EndProject
Project("{2150E333-8FDC-42A3-9474-1A3956D46DE8}") = "Services", "Services", "{2583E1C7-CB1A-4D46-823B-48B6EF5ADE57}"
EndProject
Project("{2150E333-8FDC-42A3-9474-1A3956D46DE8}") = "ApiGateways", "ApiGateways", "{47943C90-9C0E-4B2F-8552-F59FA96A1001}"
EndProject
Project("{FAE04EC0-301F-11D3-BF4B-00C04F79EFBC}") = "Interparking.WeppApp", "Interparking.WeppApp\Interparking.WeppApp.csproj", "{EDBEBBFA-F782-488F-BAA7-47D3E332A675}"
EndProject
Project("{9A19103F-16F7-4668-BE54-9A1E7A4F7556}") = "Interparking.ApiGateWay", "Interparking.ApiGateWay\Interparking.ApiGateWay.csproj", "{A4EF9AE5-50D9-44DC-96A4-4AB7C4688D3F}"
EndProject
Project("{2150E333-8FDC-42A3-9474-1A3956D46DE8}") = "Users", "Users", "{E5660BC2-9E13-497E-89B7-12FA1B123825}"
EndProject
Project("{2150E333-8FDC-42A3-9474-1A3956D46DE8}") = "Location", "Location", "{AC3F33A1-31C6-4E47-AD94-0418C24D0FE1}"
EndProject
Project("{9A19103F-16F7-4668-BE54-9A1E7A4F7556}") = "Interparking.Users.Api", "Interparking.Users.Api\Interparking.Users.Api.csproj", "{56176D6F-884A-49AC-8191-775833DDA56E}"
EndProject
Project("{2150E333-8FDC-42A3-9474-1A3956D46DE8}") = "Identity", "Identity", "{93DF9DE7-882A-4229-BBDC-5838D076462D}"
EndProject
Project("{9A19103F-16F7-4668-BE54-9A1E7A4F7556}") = "Interparking.Authentication.Api", "Interparking.Authentication.Api\Interparking.Authentication.Api.csproj", "{1AC2CE50-29FC-4979-A06A-E3FBC31EE770}"
EndProject
Project("{2150E333-8FDC-42A3-9474-1A3956D46DE8}") = "Shared", "Shared", "{8F2AB43F-CFDA-4688-9BB1-D3A1A2C1BF71}"
EndProject
Project("{2150E333-8FDC-42A3-9474-1A3956D46DE8}") = "Security", "Security", "{E2441067-DD60-42F4-BE4B-4A309D15D410}"
EndProject
Project("{9A19103F-16F7-4668-BE54-9A1E7A4F7556}") = "InterParking.Security", "InterParking.Security\InterParking.Security.csproj", "{5DAC6804-32D1-43C4-A128-C0EAD2F5968B}"
EndProject
Project("{FAE04EC0-301F-11D3-BF4B-00C04F79EFBC}") = "Interparking.DAL", "Interparking.DAL\Interparking.DAL.csproj", "{15E44886-A6CA-4EDC-8DAA-EB30B7FFB676}"
EndProject
Project("{2150E333-8FDC-42A3-9474-1A3956D46DE8}") = "Routes", "Routes", "{A71878F5-F472-41ED-8030-8CC1B5D9C802}"
EndProject
Project("{FAE04EC0-301F-11D3-BF4B-00C04F79EFBC}") = "Interparking.Routes", "Interparking.Routes\Interparking.Routes.csproj", "{D54F4FD8-FE63-490D-BE69-1A6076D4B5B3}"
EndProject
Global
	GlobalSection(SolutionConfigurationPlatforms) = preSolution
		Debug|Any CPU = Debug|Any CPU
		Release|Any CPU = Release|Any CPU
	EndGlobalSection
	GlobalSection(ProjectConfigurationPlatforms) = postSolution
		{8BE93415-D353-45DA-9C3C-FE50A2BBAC00}.Debug|Any CPU.ActiveCfg = Debug|Any CPU
		{8BE93415-D353-45DA-9C3C-FE50A2BBAC00}.Debug|Any CPU.Build.0 = Debug|Any CPU
		{8BE93415-D353-45DA-9C3C-FE50A2BBAC00}.Release|Any CPU.ActiveCfg = Release|Any CPU
		{8BE93415-D353-45DA-9C3C-FE50A2BBAC00}.Release|Any CPU.Build.0 = Release|Any CPU
		{065CEE7C-6129-4404-919E-2146C1482C0F}.Debug|Any CPU.ActiveCfg = Debug|Any CPU
		{065CEE7C-6129-4404-919E-2146C1482C0F}.Debug|Any CPU.Build.0 = Debug|Any CPU
		{065CEE7C-6129-4404-919E-2146C1482C0F}.Release|Any CPU.ActiveCfg = Release|Any CPU
		{065CEE7C-6129-4404-919E-2146C1482C0F}.Release|Any CPU.Build.0 = Release|Any CPU
		{A33DF7CC-1F2E-428F-BA23-056F5EC044A6}.Debug|Any CPU.ActiveCfg = Debug|Any CPU
		{A33DF7CC-1F2E-428F-BA23-056F5EC044A6}.Debug|Any CPU.Build.0 = Debug|Any CPU
		{A33DF7CC-1F2E-428F-BA23-056F5EC044A6}.Release|Any CPU.ActiveCfg = Release|Any CPU
		{A33DF7CC-1F2E-428F-BA23-056F5EC044A6}.Release|Any CPU.Build.0 = Release|Any CPU
		{EDBEBBFA-F782-488F-BAA7-47D3E332A675}.Debug|Any CPU.ActiveCfg = Debug|Any CPU
		{EDBEBBFA-F782-488F-BAA7-47D3E332A675}.Debug|Any CPU.Build.0 = Debug|Any CPU
		{EDBEBBFA-F782-488F-BAA7-47D3E332A675}.Release|Any CPU.ActiveCfg = Release|Any CPU
		{EDBEBBFA-F782-488F-BAA7-47D3E332A675}.Release|Any CPU.Build.0 = Release|Any CPU
		{A4EF9AE5-50D9-44DC-96A4-4AB7C4688D3F}.Debug|Any CPU.ActiveCfg = Debug|Any CPU
		{A4EF9AE5-50D9-44DC-96A4-4AB7C4688D3F}.Debug|Any CPU.Build.0 = Debug|Any CPU
		{A4EF9AE5-50D9-44DC-96A4-4AB7C4688D3F}.Release|Any CPU.ActiveCfg = Release|Any CPU
		{A4EF9AE5-50D9-44DC-96A4-4AB7C4688D3F}.Release|Any CPU.Build.0 = Release|Any CPU
		{56176D6F-884A-49AC-8191-775833DDA56E}.Debug|Any CPU.ActiveCfg = Debug|Any CPU
		{56176D6F-884A-49AC-8191-775833DDA56E}.Debug|Any CPU.Build.0 = Debug|Any CPU
		{56176D6F-884A-49AC-8191-775833DDA56E}.Release|Any CPU.ActiveCfg = Release|Any CPU
		{56176D6F-884A-49AC-8191-775833DDA56E}.Release|Any CPU.Build.0 = Release|Any CPU
		{1AC2CE50-29FC-4979-A06A-E3FBC31EE770}.Debug|Any CPU.ActiveCfg = Debug|Any CPU
		{1AC2CE50-29FC-4979-A06A-E3FBC31EE770}.Debug|Any CPU.Build.0 = Debug|Any CPU
		{1AC2CE50-29FC-4979-A06A-E3FBC31EE770}.Release|Any CPU.ActiveCfg = Release|Any CPU
		{1AC2CE50-29FC-4979-A06A-E3FBC31EE770}.Release|Any CPU.Build.0 = Release|Any CPU
		{5DAC6804-32D1-43C4-A128-C0EAD2F5968B}.Debug|Any CPU.ActiveCfg = Debug|Any CPU
		{5DAC6804-32D1-43C4-A128-C0EAD2F5968B}.Debug|Any CPU.Build.0 = Debug|Any CPU
		{5DAC6804-32D1-43C4-A128-C0EAD2F5968B}.Release|Any CPU.ActiveCfg = Release|Any CPU
		{5DAC6804-32D1-43C4-A128-C0EAD2F5968B}.Release|Any CPU.Build.0 = Release|Any CPU
		{15E44886-A6CA-4EDC-8DAA-EB30B7FFB676}.Debug|Any CPU.ActiveCfg = Debug|Any CPU
		{15E44886-A6CA-4EDC-8DAA-EB30B7FFB676}.Debug|Any CPU.Build.0 = Debug|Any CPU
		{15E44886-A6CA-4EDC-8DAA-EB30B7FFB676}.Release|Any CPU.ActiveCfg = Release|Any CPU
		{15E44886-A6CA-4EDC-8DAA-EB30B7FFB676}.Release|Any CPU.Build.0 = Release|Any CPU
		{D54F4FD8-FE63-490D-BE69-1A6076D4B5B3}.Debug|Any CPU.ActiveCfg = Debug|Any CPU
		{D54F4FD8-FE63-490D-BE69-1A6076D4B5B3}.Debug|Any CPU.Build.0 = Debug|Any CPU
		{D54F4FD8-FE63-490D-BE69-1A6076D4B5B3}.Release|Any CPU.ActiveCfg = Release|Any CPU
		{D54F4FD8-FE63-490D-BE69-1A6076D4B5B3}.Release|Any CPU.Build.0 = Release|Any CPU
	EndGlobalSection
	GlobalSection(SolutionProperties) = preSolution
		HideSolutionNode = FALSE
	EndGlobalSection
	GlobalSection(NestedProjects) = preSolution
		{8BE93415-D353-45DA-9C3C-FE50A2BBAC00} = {1F8CF270-A991-4DB3-850E-1B4CE32DB832}
		{065CEE7C-6129-4404-919E-2146C1482C0F} = {1F8CF270-A991-4DB3-850E-1B4CE32DB832}
		{A33DF7CC-1F2E-428F-BA23-056F5EC044A6} = {BC6C47BB-7EED-4D9D-AB8B-6A31692759F4}
		{04B5EDEF-5B13-422C-A05A-919E0163E5B1} = {2E586591-9B35-4F67-AAC1-6AB1E271428B}
		{2583E1C7-CB1A-4D46-823B-48B6EF5ADE57} = {2E586591-9B35-4F67-AAC1-6AB1E271428B}
		{47943C90-9C0E-4B2F-8552-F59FA96A1001} = {2E586591-9B35-4F67-AAC1-6AB1E271428B}
		{EDBEBBFA-F782-488F-BAA7-47D3E332A675} = {04B5EDEF-5B13-422C-A05A-919E0163E5B1}
		{A4EF9AE5-50D9-44DC-96A4-4AB7C4688D3F} = {47943C90-9C0E-4B2F-8552-F59FA96A1001}
		{E5660BC2-9E13-497E-89B7-12FA1B123825} = {2583E1C7-CB1A-4D46-823B-48B6EF5ADE57}
		{AC3F33A1-31C6-4E47-AD94-0418C24D0FE1} = {2583E1C7-CB1A-4D46-823B-48B6EF5ADE57}
		{56176D6F-884A-49AC-8191-775833DDA56E} = {E5660BC2-9E13-497E-89B7-12FA1B123825}
		{93DF9DE7-882A-4229-BBDC-5838D076462D} = {2583E1C7-CB1A-4D46-823B-48B6EF5ADE57}
		{1AC2CE50-29FC-4979-A06A-E3FBC31EE770} = {93DF9DE7-882A-4229-BBDC-5838D076462D}
		{8F2AB43F-CFDA-4688-9BB1-D3A1A2C1BF71} = {2E586591-9B35-4F67-AAC1-6AB1E271428B}
		{E2441067-DD60-42F4-BE4B-4A309D15D410} = {8F2AB43F-CFDA-4688-9BB1-D3A1A2C1BF71}
		{5DAC6804-32D1-43C4-A128-C0EAD2F5968B} = {E2441067-DD60-42F4-BE4B-4A309D15D410}
		{15E44886-A6CA-4EDC-8DAA-EB30B7FFB676} = {04B5EDEF-5B13-422C-A05A-919E0163E5B1}
		{A71878F5-F472-41ED-8030-8CC1B5D9C802} = {2583E1C7-CB1A-4D46-823B-48B6EF5ADE57}
		{D54F4FD8-FE63-490D-BE69-1A6076D4B5B3} = {A71878F5-F472-41ED-8030-8CC1B5D9C802}
	EndGlobalSection
	GlobalSection(ExtensibilityGlobals) = postSolution
		SolutionGuid = {7EA9525F-13CC-49CD-A1A4-FA5B074EB0B9}
	EndGlobalSection
EndGlobal
